// !$*UTF8*$!
{
	archiveVersion = 1;
	classes = {
	};
	objectVersion = 46;
	objects = {

/* Begin PBXBuildFile section */
		D23F5B8C1EC14DB900A079F2 /* 123.png in Resources */ = {isa = PBXBuildFile; fileRef = D23F5B8B1EC14DB900A079F2 /* 123.png */; };
		D2E6E2641EBC0DA100DCD378 /* main.m in Sources */ = {isa = PBXBuildFile; fileRef = D2E6E2631EBC0DA100DCD378 /* main.m */; };
		D2E6E2671EBC0DA100DCD378 /* AppDelegate.m in Sources */ = {isa = PBXBuildFile; fileRef = D2E6E2661EBC0DA100DCD378 /* AppDelegate.m */; };
		D2E6E26A1EBC0DA100DCD378 /* ViewController.m in Sources */ = {isa = PBXBuildFile; fileRef = D2E6E2691EBC0DA100DCD378 /* ViewController.m */; };
		D2E6E26D1EBC0DA100DCD378 /* Main.storyboard in Resources */ = {isa = PBXBuildFile; fileRef = D2E6E26B1EBC0DA100DCD378 /* Main.storyboard */; };
		D2E6E26F1EBC0DA200DCD378 /* Assets.xcassets in Resources */ = {isa = PBXBuildFile; fileRef = D2E6E26E1EBC0DA200DCD378 /* Assets.xcassets */; };
		D2E6E2721EBC0DA200DCD378 /* LaunchScreen.storyboard in Resources */ = {isa = PBXBuildFile; fileRef = D2E6E2701EBC0DA200DCD378 /* LaunchScreen.storyboard */; };
		D2E6E27D1EBC0DA200DCD378 /* AnnimationDemoTests.m in Sources */ = {isa = PBXBuildFile; fileRef = D2E6E27C1EBC0DA200DCD378 /* AnnimationDemoTests.m */; };
		D2E6E2881EBC0DA200DCD378 /* AnnimationDemoUITests.m in Sources */ = {isa = PBXBuildFile; fileRef = D2E6E2871EBC0DA200DCD378 /* AnnimationDemoUITests.m */; };
/* End PBXBuildFile section */

/* Begin PBXContainerItemProxy section */
		D2E6E2791EBC0DA200DCD378 /* PBXContainerItemProxy */ = {
			isa = PBXContainerItemProxy;
			containerPortal = D2E6E2571EBC0DA100DCD378 /* Project object */;
			proxyType = 1;
			remoteGlobalIDString = D2E6E25E1EBC0DA100DCD378;
			remoteInfo = AnnimationDemo;
		};
		D2E6E2841EBC0DA200DCD378 /* PBXContainerItemProxy */ = {
			isa = PBXContainerItemProxy;
			containerPortal = D2E6E2571EBC0DA100DCD378 /* Project object */;
			proxyType = 1;
			remoteGlobalIDString = D2E6E25E1EBC0DA100DCD378;
			remoteInfo = AnnimationDemo;
		};
/* End PBXContainerItemProxy section */

/* Begin PBXFileReference section */
		D23F5B8B1EC14DB900A079F2 /* 123.png */ = {isa = PBXFileReference; lastKnownFileType = image.png; path = 123.png; sourceTree = "<group>"; };
		D2E6E25F1EBC0DA100DCD378 /* AnnimationDemo.app */ = {isa = PBXFileReference; explicitFileType = wrapper.application; includeInIndex = 0; path = AnnimationDemo.app; sourceTree = BUILT_PRODUCTS_DIR; };
		D2E6E2631EBC0DA100DCD378 /* main.m */ = {isa = PBXFileReference; lastKnownFileType = sourcecode.c.objc; path = main.m; sourceTree = "<group>"; };
		D2E6E2651EBC0DA100DCD378 /* AppDelegate.h */ = {isa = PBXFileReference; lastKnownFileType = sourcecode.c.h; path = AppDelegate.h; sourceTree = "<group>"; };
		D2E6E2661EBC0DA100DCD378 /* AppDelegate.m */ = {isa = PBXFileReference; lastKnownFileType = sourcecode.c.objc; path = AppDelegate.m; sourceTree = "<group>"; };
		D2E6E2681EBC0DA100DCD378 /* ViewController.h */ = {isa = PBXFileReference; lastKnownFileType = sourcecode.c.h; path = ViewController.h; sourceTree = "<group>"; };
		D2E6E2691EBC0DA100DCD378 /* ViewController.m */ = {isa = PBXFileReference; lastKnownFileType = sourcecode.c.objc; path = ViewController.m; sourceTree = "<group>"; };
		D2E6E26C1EBC0DA100DCD378 /* Base */ = {isa = PBXFileReference; lastKnownFileType = file.storyboard; name = Base; path = Base.lproj/Main.storyboard; sourceTree = "<group>"; };
		D2E6E26E1EBC0DA200DCD378 /* Assets.xcassets */ = {isa = PBXFileReference; lastKnownFileType = folder.assetcatalog; path = Assets.xcassets; sourceTree = "<group>"; };
		D2E6E2711EBC0DA200DCD378 /* Base */ = {isa = PBXFileReference; lastKnownFileType = file.storyboard; name = Base; path = Base.lproj/LaunchScreen.storyboard; sourceTree = "<group>"; };
		D2E6E2731EBC0DA200DCD378 /* Info.plist */ = {isa = PBXFileReference; lastKnownFileType = text.plist.xml; path = Info.plist; sourceTree = "<group>"; };
		D2E6E2781EBC0DA200DCD378 /* AnnimationDemoTests.xctest */ = {isa = PBXFileReference; explicitFileType = wrapper.cfbundle; includeInIndex = 0; path = AnnimationDemoTests.xctest; sourceTree = BUILT_PRODUCTS_DIR; };
		D2E6E27C1EBC0DA200DCD378 /* AnnimationDemoTests.m */ = {isa = PBXFileReference; lastKnownFileType = sourcecode.c.objc; path = AnnimationDemoTests.m; sourceTree = "<group>"; };
		D2E6E27E1EBC0DA200DCD378 /* Info.plist */ = {isa = PBXFileReference; lastKnownFileType = text.plist.xml; path = Info.plist; sourceTree = "<group>"; };
		D2E6E2831EBC0DA200DCD378 /* AnnimationDemoUITests.xctest */ = {isa = PBXFileReference; explicitFileType = wrapper.cfbundle; includeInIndex = 0; path = AnnimationDemoUITests.xctest; sourceTree = BUILT_PRODUCTS_DIR; };
		D2E6E2871EBC0DA200DCD378 /* AnnimationDemoUITests.m */ = {isa = PBXFileReference; lastKnownFileType = sourcecode.c.objc; path = AnnimationDemoUITests.m; sourceTree = "<group>"; };
		D2E6E2891EBC0DA200DCD378 /* Info.plist */ = {isa = PBXFileReference; lastKnownFileType = text.plist.xml; path = Info.plist; sourceTree = "<group>"; };
/* End PBXFileReference section */

/* Begin PBXFrameworksBuildPhase section */
		D2E6E25C1EBC0DA100DCD378 /* Frameworks */ = {
			isa = PBXFrameworksBuildPhase;
			buildActionMask = 2147483647;
			files = (
			);
			runOnlyForDeploymentPostprocessing = 0;
		};
		D2E6E2751EBC0DA200DCD378 /* Frameworks */ = {
			isa = PBXFrameworksBuildPhase;
			buildActionMask = 2147483647;
			files = (
			);
			runOnlyForDeploymentPostprocessing = 0;
		};
		D2E6E2801EBC0DA200DCD378 /* Frameworks */ = {
			isa = PBXFrameworksBuildPhase;
			buildActionMask = 2147483647;
			files = (
			);
			runOnlyForDeploymentPostprocessing = 0;
		};
/* End PBXFrameworksBuildPhase section */

/* Begin PBXGroup section */
		D2E6E2561EBC0DA100DCD378 = {
			isa = PBXGroup;
			children = (
				D2E6E2611EBC0DA100DCD378 /* AnnimationDemo */,
				D2E6E27B1EBC0DA200DCD378 /* AnnimationDemoTests */,
				D2E6E2861EBC0DA200DCD378 /* AnnimationDemoUITests */,
				D2E6E2601EBC0DA100DCD378 /* Products */,
			);
			sourceTree = "<group>";
		};
		D2E6E2601EBC0DA100DCD378 /* Products */ = {
			isa = PBXGroup;
			children = (
				D2E6E25F1EBC0DA100DCD378 /* AnnimationDemo.app */,
				D2E6E2781EBC0DA200DCD378 /* AnnimationDemoTests.xctest */,
				D2E6E2831EBC0DA200DCD378 /* AnnimationDemoUITests.xctest */,
			);
			name = Products;
			sourceTree = "<group>";
		};
		D2E6E2611EBC0DA100DCD378 /* AnnimationDemo */ = {
			isa = PBXGroup;
			children = (
				D2E6E2651EBC0DA100DCD378 /* AppDelegate.h */,
				D2E6E2661EBC0DA100DCD378 /* AppDelegate.m */,
				D2E6E2681EBC0DA100DCD378 /* ViewController.h */,
				D2E6E2691EBC0DA100DCD378 /* ViewController.m */,
				D23F5B8B1EC14DB900A079F2 /* 123.png */,
				D2E6E26B1EBC0DA100DCD378 /* Main.storyboard */,
				D2E6E26E1EBC0DA200DCD378 /* Assets.xcassets */,
				D2E6E2701EBC0DA200DCD378 /* LaunchScreen.storyboard */,
				D2E6E2731EBC0DA200DCD378 /* Info.plist */,
				D2E6E2621EBC0DA100DCD378 /* Supporting Files */,
			);
			path = AnnimationDemo;
			sourceTree = "<group>";
		};
		D2E6E2621EBC0DA100DCD378 /* Supporting Files */ = {
			isa = PBXGroup;
			children = (
				D2E6E2631EBC0DA100DCD378 /* main.m */,
			);
			name = "Supporting Files";
			sourceTree = "<group>";
		};
		D2E6E27B1EBC0DA200DCD378 /* AnnimationDemoTests */ = {
			isa = PBXGroup;
			children = (
				D2E6E27C1EBC0DA200DCD378 /* AnnimationDemoTests.m */,
				D2E6E27E1EBC0DA200DCD378 /* Info.plist */,
			);
			path = AnnimationDemoTests;
			sourceTree = "<group>";
		};
		D2E6E2861EBC0DA200DCD378 /* AnnimationDemoUITests */ = {
			isa = PBXGroup;
			children = (
				D2E6E2871EBC0DA200DCD378 /* AnnimationDemoUITests.m */,
				D2E6E2891EBC0DA200DCD378 /* Info.plist */,
			);
			path = AnnimationDemoUITests;
			sourceTree = "<group>";
		};
/* End PBXGroup section */

/* Begin PBXNativeTarget section */
		D2E6E25E1EBC0DA100DCD378 /* AnnimationDemo */ = {
			isa = PBXNativeTarget;
			buildConfigurationList = D2E6E28C1EBC0DA200DCD378 /* Build configuration list for PBXNativeTarget "AnnimationDemo" */;
			buildPhases = (
				D2E6E25B1EBC0DA100DCD378 /* Sources */,
				D2E6E25C1EBC0DA100DCD378 /* Frameworks */,
				D2E6E25D1EBC0DA100DCD378 /* Resources */,
			);
			buildRules = (
			);
			dependencies = (
			);
			name = AnnimationDemo;
			productName = AnnimationDemo;
			productReference = D2E6E25F1EBC0DA100DCD378 /* AnnimationDemo.app */;
			productType = "com.apple.product-type.application";
		};
		D2E6E2771EBC0DA200DCD378 /* AnnimationDemoTests */ = {
			isa = PBXNativeTarget;
			buildConfigurationList = D2E6E28F1EBC0DA200DCD378 /* Build configuration list for PBXNativeTarget "AnnimationDemoTests" */;
			buildPhases = (
				D2E6E2741EBC0DA200DCD378 /* Sources */,
				D2E6E2751EBC0DA200DCD378 /* Frameworks */,
				D2E6E2761EBC0DA200DCD378 /* Resources */,
			);
			buildRules = (
			);
			dependencies = (
				D2E6E27A1EBC0DA200DCD378 /* PBXTargetDependency */,
			);
			name = AnnimationDemoTests;
			productName = AnnimationDemoTests;
			productReference = D2E6E2781EBC0DA200DCD378 /* AnnimationDemoTests.xctest */;
			productType = "com.apple.product-type.bundle.unit-test";
		};
		D2E6E2821EBC0DA200DCD378 /* AnnimationDemoUITests */ = {
			isa = PBXNativeTarget;
			buildConfigurationList = D2E6E2921EBC0DA200DCD378 /* Build configuration list for PBXNativeTarget "AnnimationDemoUITests" */;
			buildPhases = (
				D2E6E27F1EBC0DA200DCD378 /* Sources */,
				D2E6E2801EBC0DA200DCD378 /* Frameworks */,
				D2E6E2811EBC0DA200DCD378 /* Resources */,
			);
			buildRules = (
			);
			dependencies = (
				D2E6E2851EBC0DA200DCD378 /* PBXTargetDependency */,
			);
			name = AnnimationDemoUITests;
			productName = AnnimationDemoUITests;
			productReference = D2E6E2831EBC0DA200DCD378 /* AnnimationDemoUITests.xctest */;
			productType = "com.apple.product-type.bundle.ui-testing";
		};
/* End PBXNativeTarget section */

/* Begin PBXProject section */
		D2E6E2571EBC0DA100DCD378 /* Project object */ = {
			isa = PBXProject;
			attributes = {
				LastUpgradeCheck = 0830;
				ORGANIZATIONNAME = Chan;
				TargetAttributes = {
					D2E6E25E1EBC0DA100DCD378 = {
						CreatedOnToolsVersion = 8.3.1;
						ProvisioningStyle = Automatic;
					};
					D2E6E2771EBC0DA200DCD378 = {
						CreatedOnToolsVersion = 8.3.1;
						ProvisioningStyle = Automatic;
						TestTargetID = D2E6E25E1EBC0DA100DCD378;
					};
					D2E6E2821EBC0DA200DCD378 = {
						CreatedOnToolsVersion = 8.3.1;
						ProvisioningStyle = Automatic;
						TestTargetID = D2E6E25E1EBC0DA100DCD378;
					};
				};
			};
			buildConfigurationList = D2E6E25A1EBC0DA100DCD378 /* Build configuration list for PBXProject "AnnimationDemo" */;
			compatibilityVersion = "Xcode 3.2";
			developmentRegion = English;
			hasScannedForEncodings = 0;
			knownRegions = (
				en,
				Base,
			);
			mainGroup = D2E6E2561EBC0DA100DCD378;
			productRefGroup = D2E6E2601EBC0DA100DCD378 /* Products */;
			projectDirPath = "";
			projectRoot = "";
			targets = (
				D2E6E25E1EBC0DA100DCD378 /* AnnimationDemo */,
				D2E6E2771EBC0DA200DCD378 /* AnnimationDemoTests */,
				D2E6E2821EBC0DA200DCD378 /* AnnimationDemoUITests */,
			);
		};
/* End PBXProject section */

/* Begin PBXResourcesBuildPhase section */
		D2E6E25D1EBC0DA100DCD378 /* Resources */ = {
			isa = PBXResourcesBuildPhase;
			buildActionMask = 2147483647;
			files = (
				D23F5B8C1EC14DB900A079F2 /* 123.png in Resources */,
				D2E6E2721EBC0DA200DCD378 /* LaunchScreen.storyboard in Resources */,
				D2E6E26F1EBC0DA200DCD378 /* Assets.xcassets in Resources */,
				D2E6E26D1EBC0DA100DCD378 /* Main.storyboard in Resources */,
			);
			runOnlyForDeploymentPostprocessing = 0;
		};
		D2E6E2761EBC0DA200DCD378 /* Resources */ = {
			isa = PBXResourcesBuildPhase;
			buildActionMask = 2147483647;
			files = (
			);
			runOnlyForDeploymentPostprocessing = 0;
		};
		D2E6E2811EBC0DA200DCD378 /* Resources */ = {
			isa = PBXResourcesBuildPhase;
			buildActionMask = 2147483647;
			files = (
			);
			runOnlyForDeploymentPostprocessing = 0;
		};
/* End PBXResourcesBuildPhase section */

/* Begin PBXSourcesBuildPhase section */
		D2E6E25B1EBC0DA100DCD378 /* Sources */ = {
			isa = PBXSourcesBuildPhase;
			buildActionMask = 2147483647;
			files = (
				D2E6E26A1EBC0DA100DCD378 /* ViewController.m in Sources */,
				D2E6E2671EBC0DA100DCD378 /* AppDelegate.m in Sources */,
				D2E6E2641EBC0DA100DCD378 /* main.m in Sources */,
			);
			runOnlyForDeploymentPostprocessing = 0;
		};
		D2E6E2741EBC0DA200DCD378 /* Sources */ = {
			isa = PBXSourcesBuildPhase;
			buildActionMask = 2147483647;
			files = (
				D2E6E27D1EBC0DA200DCD378 /* AnnimationDemoTests.m in Sources */,
			);
			runOnlyForDeploymentPostprocessing = 0;
		};
		D2E6E27F1EBC0DA200DCD378 /* Sources */ = {
			isa = PBXSourcesBuildPhase;
			buildActionMask = 2147483647;
			files = (
				D2E6E2881EBC0DA200DCD378 /* AnnimationDemoUITests.m in Sources */,
			);
			runOnlyForDeploymentPostprocessing = 0;
		};
/* End PBXSourcesBuildPhase section */

/* Begin PBXTargetDependency section */
		D2E6E27A1EBC0DA200DCD378 /* PBXTargetDependency */ = {
			isa = PBXTargetDependency;
			target = D2E6E25E1EBC0DA100DCD378 /* AnnimationDemo */;
			targetProxy = D2E6E2791EBC0DA200DCD378 /* PBXContainerItemProxy */;
		};
		D2E6E2851EBC0DA200DCD378 /* PBXTargetDependency */ = {
			isa = PBXTargetDependency;
			target = D2E6E25E1EBC0DA100DCD378 /* AnnimationDemo */;
			targetProxy = D2E6E2841EBC0DA200DCD378 /* PBXContainerItemProxy */;
		};
/* End PBXTargetDependency section */

/* Begin PBXVariantGroup section */
		D2E6E26B1EBC0DA100DCD378 /* Main.storyboard */ = {
			isa = PBXVariantGroup;
			children = (
				D2E6E26C1EBC0DA100DCD378 /* Base */,
			);
			name = Main.storyboard;
			sourceTree = "<group>";
		};
		D2E6E2701EBC0DA200DCD378 /* LaunchScreen.storyboard */ = {
			isa = PBXVariantGroup;
			children = (
				D2E6E2711EBC0DA200DCD378 /* Base */,
			);
			name = LaunchScreen.storyboard;
			sourceTree = "<group>";
		};
/* End PBXVariantGroup section */

/* Begin XCBuildConfiguration section */
		D2E6E28A1EBC0DA200DCD378 /* Debug */ = {
			isa = XCBuildConfiguration;
			buildSettings = {
				ALWAYS_SEARCH_USER_PATHS = NO;
				CLANG_ANALYZER_NONNULL = YES;
				CLANG_ANALYZER_NUMBER_OBJECT_CONVERSION = YES_AGGRESSIVE;
				CLANG_CXX_LANGUAGE_STANDARD = "gnu++0x";
				CLANG_CXX_LIBRARY = "libc++";
				CLANG_ENABLE_MODULES = YES;
				CLANG_ENABLE_OBJC_ARC = YES;
				CLANG_WARN_BOOL_CONVERSION = YES;
				CLANG_WARN_CONSTANT_CONVERSION = YES;
				CLANG_WARN_DIRECT_OBJC_ISA_USAGE = YES_ERROR;
				CLANG_WARN_DOCUMENTATION_COMMENTS = YES;
				CLANG_WARN_EMPTY_BODY = YES;
				CLANG_WARN_ENUM_CONVERSION = YES;
				CLANG_WARN_INFINITE_RECURSION = YES;
				CLANG_WARN_INT_CONVERSION = YES;
				CLANG_WARN_OBJC_ROOT_CLASS = YES_ERROR;
				CLANG_WARN_SUSPICIOUS_MOVE = YES;
				CLANG_WARN_UNREACHABLE_CODE = YES;
				CLANG_WARN__DUPLICATE_METHOD_MATCH = YES;
				"CODE_SIGN_IDENTITY[sdk=iphoneos*]" = "iPhone Developer";
				COPY_PHASE_STRIP = NO;
				DEBUG_INFORMATION_FORMAT = dwarf;
				ENABLE_STRICT_OBJC_MSGSEND = YES;
				ENABLE_TESTABILITY = YES;
				GCC_C_LANGUAGE_STANDARD = gnu99;
				GCC_DYNAMIC_NO_PIC = NO;
				GCC_NO_COMMON_BLOCKS = YES;
				GCC_OPTIMIZATION_LEVEL = 0;
				GCC_PREPROCESSOR_DEFINITIONS = (
					"DEBUG=1",
					"$(inherited)",
				);
				GCC_WARN_64_TO_32_BIT_CONVERSION = YES;
				GCC_WARN_ABOUT_RETURN_TYPE = YES_ERROR;
				GCC_WARN_UNDECLARED_SELECTOR = YES;
				GCC_WARN_UNINITIALIZED_AUTOS = YES_AGGRESSIVE;
				GCC_WARN_UNUSED_FUNCTION = YES;
				GCC_WARN_UNUSED_VARIABLE = YES;
				IPHONEOS_DEPLOYMENT_TARGET = 10.3;
				MTL_ENABLE_DEBUG_INFO = YES;
				ONLY_ACTIVE_ARCH = YES;
				SDKROOT = iphoneos;
				TARGETED_DEVICE_FAMILY = "1,2";
			};
			name = Debug;
		};
		D2E6E28B1EBC0DA200DCD378 /* Release */ = {
			isa = XCBuildConfiguration;
			buildSettings = {
				ALWAYS_SEARCH_USER_PATHS = NO;
				CLANG_ANALYZER_NONNULL = YES;
				CLANG_ANALYZER_NUMBER_OBJECT_CONVERSION = YES_AGGRESSIVE;
				CLANG_CXX_LANGUAGE_STANDARD = "gnu++0x";
				CLANG_CXX_LIBRARY = "libc++";
				CLANG_ENABLE_MODULES = YES;
				CLANG_ENABLE_OBJC_ARC = YES;
				CLANG_WARN_BOOL_CONVERSION = YES;
				CLANG_WARN_CONSTANT_CONVERSION = YES;
				CLANG_WARN_DIRECT_OBJC_ISA_USAGE = YES_ERROR;
				CLANG_WARN_DOCUMENTATION_COMMENTS = YES;
				CLANG_WARN_EMPTY_BODY = YES;
				CLANG_WARN_ENUM_CONVERSION = YES;
				CLANG_WARN_INFINITE_RECURSION = YES;
				CLANG_WARN_INT_CONVERSION = YES;
				CLANG_WARN_OBJC_ROOT_CLASS = YES_ERROR;
				CLANG_WARN_SUSPICIOUS_MOVE = YES;
				CLANG_WARN_UNREACHABLE_CODE = YES;
				CLANG_WARN__DUPLICATE_METHOD_MATCH = YES;
				"CODE_SIGN_IDENTITY[sdk=iphoneos*]" = "iPhone Developer";
				COPY_PHASE_STRIP = NO;
				DEBUG_INFORMATION_FORMAT = "dwarf-with-dsym";
				ENABLE_NS_ASSERTIONS = NO;
				ENABLE_STRICT_OBJC_MSGSEND = YES;
				GCC_C_LANGUAGE_STANDARD = gnu99;
				GCC_NO_COMMON_BLOCKS = YES;
				GCC_WARN_64_TO_32_BIT_CONVERSION = YES;
				GCC_WARN_ABOUT_RETURN_TYPE = YES_ERROR;
				GCC_WARN_UNDECLARED_SELECTOR = YES;
				GCC_WARN_UNINITIALIZED_AUTOS = YES_AGGRESSIVE;
				GCC_WARN_UNUSED_FUNCTION = YES;
				GCC_WARN_UNUSED_VARIABLE = YES;
				IPHONEOS_DEPLOYMENT_TARGET = 10.3;
				MTL_ENABLE_DEBUG_INFO = NO;
				SDKROOT = iphoneos;
				TARGETED_DEVICE_FAMILY = "1,2";
				VALIDATE_PRODUCT = YES;
			};
			name = Release;
		};
		D2E6E28D1EBC0DA200DCD378 /* Debug */ = {
			isa = XCBuildConfiguration;
			buildSettings = {
				ASSETCATALOG_COMPILER_APPICON_NAME = AppIcon;
				INFOPLIST_FILE = AnnimationDemo/Info.plist;
				LD_RUNPATH_SEARCH_PATHS = "$(inherited) @executable_path/Frameworks";
				PRODUCT_BUNDLE_IDENTIFIER = com.Chan.AnnimationDemo;
				PRODUCT_NAME = "$(TARGET_NAME)";
			};
			name = Debug;
		};
		D2E6E28E1EBC0DA200DCD378 /* Release */ = {
			isa = XCBuildConfiguration;
			buildSettings = {
				ASSETCATALOG_COMPILER_APPICON_NAME = AppIcon;
				INFOPLIST_FILE = AnnimationDemo/Info.plist;
				LD_RUNPATH_SEARCH_PATHS = "$(inherited) @executable_path/Frameworks";
				PRODUCT_BUNDLE_IDENTIFIER = com.Chan.AnnimationDemo;
				PRODUCT_NAME = "$(TARGET_NAME)";
			};
			name = Release;
		};
		D2E6E2901EBC0DA200DCD378 /* Debug */ = {
			isa = XCBuildConfiguration;
			buildSettings = {
				BUNDLE_LOADER = "$(TEST_HOST)";
				INFOPLIST_FILE = AnnimationDemoTests/Info.plist;
				LD_RUNPATH_SEARCH_PATHS = "$(inherited) @executable_path/Frameworks @loader_path/Frameworks";
				PRODUCT_BUNDLE_IDENTIFIER = com.Chan.AnnimationDemoTests;
				PRODUCT_NAME = "$(TARGET_NAME)";
				TEST_HOST = "$(BUILT_PRODUCTS_DIR)/AnnimationDemo.app/AnnimationDemo";
			};
			name = Debug;
		};
		D2E6E2911EBC0DA200DCD378 /* Release */ = {
			isa = XCBuildConfiguration;
			buildSettings = {
				BUNDLE_LOADER = "$(TEST_HOST)";
				INFOPLIST_FILE = AnnimationDemoTests/Info.plist;
				LD_RUNPATH_SEARCH_PATHS = "$(inherited) @executable_path/Frameworks @loader_path/Frameworks";
				PRODUCT_BUNDLE_IDENTIFIER = com.Chan.AnnimationDemoTests;
				PRODUCT_NAME = "$(TARGET_NAME)";
				TEST_HOST = "$(BUILT_PRODUCTS_DIR)/AnnimationDemo.app/AnnimationDemo";
			};
			name = Release;
		};
		D2E6E2931EBC0DA200DCD378 /* Debug */ = {
			isa = XCBuildConfiguration;
			buildSettings = {
				INFOPLIST_FILE = AnnimationDemoUITests/Info.plist;
				LD_RUNPATH_SEARCH_PATHS = "$(inherited) @executable_path/Frameworks @loader_path/Frameworks";
				PRODUCT_BUNDLE_IDENTIFIER = com.Chan.AnnimationDemoUITests;
				PRODUCT_NAME = "$(TARGET_NAME)";
				TEST_TARGET_NAME = AnnimationDemo;
			};
			name = Debug;
		};
		D2E6E2941EBC0DA200DCD378 /* Release */ = {
			isa = XCBuildConfiguration;
			buildSettings = {
				INFOPLIST_FILE = AnnimationDemoUITests/Info.plist;
				LD_RUNPATH_SEARCH_PATHS = "$(inherited) @executable_path/Frameworks @loader_path/Frameworks";
				PRODUCT_BUNDLE_IDENTIFIER = com.Chan.AnnimationDemoUITests;
				PRODUCT_NAME = "$(TARGET_NAME)";
				TEST_TARGET_NAME = AnnimationDemo;
			};
			name = Release;
		};
/* End XCBuildConfiguration section */

/* Begin XCConfigurationList section */
		D2E6E25A1EBC0DA100DCD378 /* Build configuration list for PBXProject "AnnimationDemo" */ = {
			isa = XCConfigurationList;
			buildConfigurations = (
				D2E6E28A1EBC0DA200DCD378 /* Debug */,
				D2E6E28B1EBC0DA200DCD378 /* Release */,
			);
			defaultConfigurationIsVisible = 0;
			defaultConfigurationName = Release;
		};
		D2E6E28C1EBC0DA200DCD378 /* Build configuration list for PBXNativeTarget "AnnimationDemo" */ = {
			isa = XCConfigurationList;
			buildConfigurations = (
				D2E6E28D1EBC0DA200DCD378 /* Debug */,
				D2E6E28E1EBC0DA200DCD378 /* Release */,
			);
			defaultConfigurationIsVisible = 0;
			defaultConfigurationName = Release;
		};
		D2E6E28F1EBC0DA200DCD378 /* Build configuration list for PBXNativeTarget "AnnimationDemoTests" */ = {
			isa = XCConfigurationList;
			buildConfigurations = (
				D2E6E2901EBC0DA200DCD378 /* Debug */,
				D2E6E2911EBC0DA200DCD378 /* Release */,
			);
			defaultConfigurationIsVisible = 0;
			defaultConfigurationName = Release;
		};
		D2E6E2921EBC0DA200DCD378 /* Build configuration list for PBXNativeTarget "AnnimationDemoUITests" */ = {
			isa = XCConfigurationList;
			buildConfigurations = (
				D2E6E2931EBC0DA200DCD378 /* Debug */,
				D2E6E2941EBC0DA200DCD378 /* Release */,
			);
			defaultConfigurationIsVisible = 0;
			defaultConfigurationName = Release;
		};
/* End XCConfigurationList section */
	};
	rootObject = D2E6E2571EBC0DA100DCD378 /* Project object */;
}
